{
  "name": "@ariesate/render",
  "version": "0.0.1",
  "lockfileVersion": 1,
  "dependencies": {
    "exist.js": {
      "version": "0.3.0",
      "resolved": "http://registry.npm.taobao.org/exist.js/download/exist.js-0.3.0.tgz",
      "integrity": "sha1-wEQoU975r05XIrvx8DihZRS1WZ4="
    },
    "immutable": {
      "version": "3.8.1",
      "resolved": "http://registry.npm.taobao.org/immutable/download/immutable-3.8.1.tgz",
      "integrity": "sha1-IAgH8Rqw9ycQ6khVQt4IgHX2jNI="
    }
  }
}
